
Microsoft Visual Studio Solution File, Format Version 12.00
# Visual Studio 15
VisualStudioVersion = 15.0.26730.15
MinimumVisualStudioVersion = 10.0.40219.1
Project("{FAE04EC0-301F-11D3-BF4B-00C04F79EFBC}") = "HelloWorld1", "HelloWorld1\HelloWorld1.csproj", "{6DFD839C-6F19-4F24-AE2B-F39B1F688422}"
EndProject
Global
	GlobalSection(SolutionConfigurationPlatforms) = preSolution
		Debug|Any CPU = Debug|Any CPU
		Release|Any CPU = Release|Any CPU
	EndGlobalSection
	GlobalSection(ProjectConfigurationPlatforms) = postSolution
		{6DFD839C-6F19-4F24-AE2B-F39B1F688422}.Debug|Any CPU.ActiveCfg = Debug|Any CPU
		{6DFD839C-6F19-4F24-AE2B-F39B1F688422}.Debug|Any CPU.Build.0 = Debug|Any CPU
		{6DFD839C-6F19-4F24-AE2B-F39B1F688422}.Release|Any CPU.ActiveCfg = Release|Any CPU
		{6DFD839C-6F19-4F24-AE2B-F39B1F688422}.Release|Any CPU.Build.0 = Release|Any CPU
	EndGlobalSection
	GlobalSection(SolutionProperties) = preSolution
		HideSolutionNode = FALSE
	EndGlobalSection
	GlobalSection(ExtensibilityGlobals) = postSolution
		SolutionGuid = {7E074011-831D-4512-A8F3-2F9EE80DD1DD}
	EndGlobalSection
EndGlobal
